<?xml version="1.0" encoding="utf-8"?>
<Project ToolsVersion="4.0" xmlns="http://schemas.microsoft.com/developer/msbuild/2003">
  <ItemGroup>
    <Filter Include="MochiSharp">
      <UniqueIdentifier>{13D6F48C-FF8D-36DA-6895-0F36546CD1CA}</UniqueIdentifier>
    </Filter>
  </ItemGroup>
  <ItemGroup>
    <ClInclude Include="Source\MochiSharp\Array.hpp">
      <Filter>MochiSharp</Filter>
    </ClInclude>
    <ClInclude Include="Source\MochiSharp\Assembly.hpp">
      <Filter>MochiSharp</Filter>
    </ClInclude>
    <ClInclude Include="Source\MochiSharp\Attribute.hpp">
      <Filter>MochiSharp</Filter>
    </ClInclude>
    <ClInclude Include="Source\MochiSharp\Core.hpp">
      <Filter>MochiSharp</Filter>
    </ClInclude>
    <ClInclude Include="Source\MochiSharp\DotnetServices.hpp">
      <Filter>MochiSharp</Filter>
    </ClInclude>
    <ClInclude Include="Source\MochiSharp\FieldInfo.hpp">
      <Filter>MochiSharp</Filter>
    </ClInclude>
    <ClInclude Include="Source\MochiSharp\GC.hpp">
      <Filter>MochiSharp</Filter>
    </ClInclude>
    <ClInclude Include="Source\MochiSharp\Host.hpp">
      <Filter>MochiSharp</Filter>
    </ClInclude>
    <ClInclude Include="Source\MochiSharp\HostFXRErrorCodes.hpp">
      <Filter>MochiSharp</Filter>
    </ClInclude>
    <ClInclude Include="Source\MochiSharp\HostInstance.hpp">
      <Filter>MochiSharp</Filter>
    </ClInclude>
    <ClInclude Include="Source\MochiSharp\ManagedObject.hpp">
      <Filter>MochiSharp</Filter>
    </ClInclude>
    <ClInclude Include="Source\MochiSharp\Memory.hpp">
      <Filter>MochiSharp</Filter>
    </ClInclude>
    <ClInclude Include="Source\MochiSharp\MessageLevel.hpp">
      <Filter>MochiSharp</Filter>
    </ClInclude>
    <ClInclude Include="Source\MochiSharp\MethodInfo.hpp">
      <Filter>MochiSharp</Filter>
    </ClInclude>
    <ClInclude Include="Source\MochiSharp\MochiManagedFunctions.hpp">
      <Filter>MochiSharp</Filter>
    </ClInclude>
    <ClInclude Include="Source\MochiSharp\PropertyInfo.hpp">
      <Filter>MochiSharp</Filter>
    </ClInclude>
    <ClInclude Include="Source\MochiSharp\StableVector.hpp">
      <Filter>MochiSharp</Filter>
    </ClInclude>
    <ClInclude Include="Source\MochiSharp\String.hpp">
      <Filter>MochiSharp</Filter>
    </ClInclude>
    <ClInclude Include="Source\MochiSharp\StringHelper.hpp">
      <Filter>MochiSharp</Filter>
    </ClInclude>
    <ClInclude Include="Source\MochiSharp\Type.hpp">
      <Filter>MochiSharp</Filter>
    </ClInclude>
    <ClInclude Include="Source\MochiSharp\TypeCache.hpp">
      <Filter>MochiSharp</Filter>
    </ClInclude>
    <ClInclude Include="Source\MochiSharp\Utility.hpp">
      <Filter>MochiSharp</Filter>
    </ClInclude>
    <ClInclude Include="Source\MochiSharp\Verify.hpp">
      <Filter>MochiSharp</Filter>
    </ClInclude>
    <ClInclude Include="Source\PCH.hpp" />
  </ItemGroup>
  <ItemGroup>
    <ClCompile Include="Source\MochiSharp\Assembly.cpp">
      <Filter>MochiSharp</Filter>
    </ClCompile>
    <ClCompile Include="Source\MochiSharp\Attribute.cpp">
      <Filter>MochiSharp</Filter>
    </ClCompile>
    <ClCompile Include="Source\MochiSharp\DotnetServices.cpp">
      <Filter>MochiSharp</Filter>
    </ClCompile>
    <ClCompile Include="Source\MochiSharp\FieldInfo.cpp">
      <Filter>MochiSharp</Filter>
    </ClCompile>
    <ClCompile Include="Source\MochiSharp\GC.cpp">
      <Filter>MochiSharp</Filter>
    </ClCompile>
    <ClCompile Include="Source\MochiSharp\Host.cpp">
      <Filter>MochiSharp</Filter>
    </ClCompile>
    <ClCompile Include="Source\MochiSharp\HostInstance.cpp">
      <Filter>MochiSharp</Filter>
    </ClCompile>
    <ClCompile Include="Source\MochiSharp\ManagedObject.cpp">
      <Filter>MochiSharp</Filter>
    </ClCompile>
    <ClCompile Include="Source\MochiSharp\Memory.cpp">
      <Filter>MochiSharp</Filter>
    </ClCompile>
    <ClCompile Include="Source\MochiSharp\MethodInfo.cpp">
      <Filter>MochiSharp</Filter>
    </ClCompile>
    <ClCompile Include="Source\MochiSharp\PropertyInfo.cpp">
      <Filter>MochiSharp</Filter>
    </ClCompile>
    <ClCompile Include="Source\MochiSharp\String.cpp">
      <Filter>MochiSharp</Filter>
    </ClCompile>
    <ClCompile Include="Source\MochiSharp\StringHelper.cpp">
      <Filter>MochiSharp</Filter>
    </ClCompile>
    <ClCompile Include="Source\MochiSharp\Type.cpp">
      <Filter>MochiSharp</Filter>
    </ClCompile>
    <ClCompile Include="Source\MochiSharp\TypeCache.cpp">
      <Filter>MochiSharp</Filter>
    </ClCompile>
    <ClCompile Include="Source\PCH.cpp" />
  </ItemGroup>
</Project>